
Microsoft Visual Studio Solution File, Format Version 12.00
# Visual Studio Version 17
VisualStudioVersion = 17.1.32414.318
MinimumVisualStudioVersion = 10.0.40219.1
Project("{9A19103F-16F7-4668-BE54-9A1E7A4F7556}") = "NotinoTest.Business", "NotinoTest.Business\NotinoTest.Business.csproj", "{20220D87-62AA-4C56-B4D9-D80D2EF79165}"
EndProject
Project("{9A19103F-16F7-4668-BE54-9A1E7A4F7556}") = "NotinoTest.Tests", "NotinoTest.Tests\NotinoTest.Tests.csproj", "{B233018C-6814-4031-BE94-13C3D1613340}"
EndProject
Project("{FAE04EC0-301F-11D3-BF4B-00C04F79EFBC}") = "NotinoTest.Data", "NotinoTest.Data\NotinoTest.Data.csproj", "{B2430B23-7ED0-4A76-B4BC-B76CB2B0B484}"
EndProject
Project("{FAE04EC0-301F-11D3-BF4B-00C04F79EFBC}") = "NotinoTest.Shared", "NotinoTest.Shared\NotinoTest.Shared.csproj", "{FF395D0D-EE8D-41F6-A91D-ECECBAA850E2}"
EndProject
Project("{FAE04EC0-301F-11D3-BF4B-00C04F79EFBC}") = "NotinoTest.API", "NotinoTest.API\NotinoTest.API.csproj", "{21A36576-AEB9-4859-AF90-10E2D7E1AC52}"
EndProject
Global
	GlobalSection(SolutionConfigurationPlatforms) = preSolution
		Debug|Any CPU = Debug|Any CPU
		Release|Any CPU = Release|Any CPU
	EndGlobalSection
	GlobalSection(ProjectConfigurationPlatforms) = postSolution
		{20220D87-62AA-4C56-B4D9-D80D2EF79165}.Debug|Any CPU.ActiveCfg = Debug|Any CPU
		{20220D87-62AA-4C56-B4D9-D80D2EF79165}.Debug|Any CPU.Build.0 = Debug|Any CPU
		{20220D87-62AA-4C56-B4D9-D80D2EF79165}.Release|Any CPU.ActiveCfg = Release|Any CPU
		{20220D87-62AA-4C56-B4D9-D80D2EF79165}.Release|Any CPU.Build.0 = Release|Any CPU
		{B233018C-6814-4031-BE94-13C3D1613340}.Debug|Any CPU.ActiveCfg = Debug|Any CPU
		{B233018C-6814-4031-BE94-13C3D1613340}.Debug|Any CPU.Build.0 = Debug|Any CPU
		{B233018C-6814-4031-BE94-13C3D1613340}.Release|Any CPU.ActiveCfg = Release|Any CPU
		{B233018C-6814-4031-BE94-13C3D1613340}.Release|Any CPU.Build.0 = Release|Any CPU
		{B2430B23-7ED0-4A76-B4BC-B76CB2B0B484}.Debug|Any CPU.ActiveCfg = Debug|Any CPU
		{B2430B23-7ED0-4A76-B4BC-B76CB2B0B484}.Debug|Any CPU.Build.0 = Debug|Any CPU
		{B2430B23-7ED0-4A76-B4BC-B76CB2B0B484}.Release|Any CPU.ActiveCfg = Release|Any CPU
		{B2430B23-7ED0-4A76-B4BC-B76CB2B0B484}.Release|Any CPU.Build.0 = Release|Any CPU
		{FF395D0D-EE8D-41F6-A91D-ECECBAA850E2}.Debug|Any CPU.ActiveCfg = Debug|Any CPU
		{FF395D0D-EE8D-41F6-A91D-ECECBAA850E2}.Debug|Any CPU.Build.0 = Debug|Any CPU
		{FF395D0D-EE8D-41F6-A91D-ECECBAA850E2}.Release|Any CPU.ActiveCfg = Release|Any CPU
		{FF395D0D-EE8D-41F6-A91D-ECECBAA850E2}.Release|Any CPU.Build.0 = Release|Any CPU
		{21A36576-AEB9-4859-AF90-10E2D7E1AC52}.Debug|Any CPU.ActiveCfg = Debug|Any CPU
		{21A36576-AEB9-4859-AF90-10E2D7E1AC52}.Debug|Any CPU.Build.0 = Debug|Any CPU
		{21A36576-AEB9-4859-AF90-10E2D7E1AC52}.Release|Any CPU.ActiveCfg = Release|Any CPU
		{21A36576-AEB9-4859-AF90-10E2D7E1AC52}.Release|Any CPU.Build.0 = Release|Any CPU
	EndGlobalSection
	GlobalSection(SolutionProperties) = preSolution
		HideSolutionNode = FALSE
	EndGlobalSection
	GlobalSection(ExtensibilityGlobals) = postSolution
		SolutionGuid = {969A5974-A289-4753-BFBF-6C71283291D6}
	EndGlobalSection
EndGlobal
